PODS:
  - IMBluetoothFramework (0.1.0):
    - IMBluetoothFramework/Core (= 0.1.0)
    - IMBluetoothFramework/Device (= 0.1.0)
    - IMBluetoothFramework/Devices (= 0.1.0)
    - IMBluetoothFramework/Logger (= 0.1.0)
    - IMBluetoothFramework/Protocol (= 0.1.0)
    - IMBluetoothFramework/Service (= 0.1.0)
  - IMBluetoothFramework/Core (0.1.0):
    - RxRelay (~> 6.9.0)
    - RxSwift (~> 6.9.0)
  - IMBluetoothFramework/Device (0.1.0):
    - IMBluetoothFramework/Core
    - IMBluetoothFramework/Logger
    - IMBluetoothFramework/Protocol
    - RxRelay (~> 6.9.0)
    - RxSwift (~> 6.9.0)
  - IMBluetoothFramework/Devices (0.1.0):
    - IMBluetoothFramework/Devices/C100 (= 0.1.0)
    - IMBluetoothFramework/Devices/C110 (= 0.1.0)
    - IMBluetoothFramework/Devices/XA01 (= 0.1.0)
  - IMBluetoothFramework/Devices/C100 (0.1.0):
    - IMBluetoothFramework/Core
    - IMBluetoothFramework/Device
    - IMBluetoothFramework/Logger
    - IMBluetoothFramework/Protocol
    - SSZipArchive (~> 2.4)
  - IMBluetoothFramework/Devices/C110 (0.1.0):
    - IMBluetoothFramework/Core
    - IMBluetoothFramework/Device
    - IMBluetoothFramework/Logger
    - IMBluetoothFramework/Protocol
  - IMBluetoothFramework/Devices/XA01 (0.1.0):
    - IMBluetoothFramework/Core
    - IMBluetoothFramework/Device
    - IMBluetoothFramework/Logger
    - IMBluetoothFramework/Protocol
  - IMBluetoothFramework/Logger (0.1.0)
  - IMBluetoothFramework/Protocol (0.1.0):
    - IMBluetoothFramework/Core
  - IMBluetoothFramework/Service (0.1.0):
    - IMBluetoothFramework/Core
    - IMBluetoothFramework/Device
    - IMBluetoothFramework/Logger
    - IMBluetoothFramework/Protocol
    - RxRelay (~> 6.9.0)
    - RxSwift (~> 6.9.0)
  - RxRelay (6.9.0):
    - RxSwift (= 6.9.0)
  - RxSwift (6.9.0)
  - SSZipArchive (2.4.3)

DEPENDENCIES:
  - IMBluetoothFramework (from `../`)
  - RxRelay (~> 6.9)
  - RxSwift (~> 6.9)

SPEC REPOS:
  trunk:
    - RxRelay
    - RxSwift
    - SSZipArchive

EXTERNAL SOURCES:
  IMBluetoothFramework:
    :path: "../"

SPEC CHECKSUMS:
  IMBluetoothFramework: 38d0d6ca8361e1c8a6f6ee1ae338284ba95f0461
  RxRelay: 6b0c930e5cef57d5fe2032571e5e65b78e3cbdb1
  RxSwift: 31649ace6aceeb422e16ff71c60804f9c3281ed9
  SSZipArchive: fe6a26b2a54d5a0890f2567b5cc6de5caa600aef

PODFILE CHECKSUM: 7c0e91c68beeb0ae35332c6cd9c8e61a5c42cc32

COCOAPODS: 1.16.2
